// !$*UTF8*$!
{
	archiveVersion = 1;
	classes = {
	};
	objectVersion = 50;
	objects = {

/* Begin PBXBuildFile section */
		5E37C082260435D100334549 /* SimpleNoteTakingApp.swift in Sources */ = {isa = PBXBuildFile; fileRef = 5E37C081260435D100334549 /* SimpleNoteTakingApp.swift */; };
		5E37C084260435D100334549 /* ContentView.swift in Sources */ = {isa = PBXBuildFile; fileRef = 5E37C083260435D100334549 /* ContentView.swift */; };
		5E37C086260435D200334549 /* Assets.xcassets in Resources */ = {isa = PBXBuildFile; fileRef = 5E37C085260435D200334549 /* Assets.xcassets */; };
		5E37C089260435D200334549 /* Preview Assets.xcassets in Resources */ = {isa = PBXBuildFile; fileRef = 5E37C088260435D200334549 /* Preview Assets.xcassets */; };
		5E37C08B260435D200334549 /* Persistence.swift in Sources */ = {isa = PBXBuildFile; fileRef = 5E37C08A260435D200334549 /* Persistence.swift */; };
		5E37C08E260435D200334549 /* SimpleNoteTaking.xcdatamodeld in Sources */ = {isa = PBXBuildFile; fileRef = 5E37C08C260435D200334549 /* SimpleNoteTaking.xcdatamodeld */; };
		5E37C099260435D200334549 /* SimpleNoteTakingTests.swift in Sources */ = {isa = PBXBuildFile; fileRef = 5E37C098260435D200334549 /* SimpleNoteTakingTests.swift */; };
		5E37C0A4260435D200334549 /* SimpleNoteTakingUITests.swift in Sources */ = {isa = PBXBuildFile; fileRef = 5E37C0A3260435D200334549 /* SimpleNoteTakingUITests.swift */; };
		5E37C0B62604398800334549 /* Note+CoreDataClass.swift in Sources */ = {isa = PBXBuildFile; fileRef = 5E37C0B42604398800334549 /* Note+CoreDataClass.swift */; };
		5E37C0B72604398800334549 /* Note+CoreDataProperties.swift in Sources */ = {isa = PBXBuildFile; fileRef = 5E37C0B52604398800334549 /* Note+CoreDataProperties.swift */; };
		5E37C0BC26043C5400334549 /* AddNoteView.swift in Sources */ = {isa = PBXBuildFile; fileRef = 5E37C0BB26043C5400334549 /* AddNoteView.swift */; };
/* End PBXBuildFile section */

/* Begin PBXContainerItemProxy section */
		5E37C095260435D200334549 /* PBXContainerItemProxy */ = {
			isa = PBXContainerItemProxy;
			containerPortal = 5E37C076260435D100334549 /* Project object */;
			proxyType = 1;
			remoteGlobalIDString = 5E37C07D260435D100334549;
			remoteInfo = SimpleNoteTaking;
		};
		5E37C0A0260435D200334549 /* PBXContainerItemProxy */ = {
			isa = PBXContainerItemProxy;
			containerPortal = 5E37C076260435D100334549 /* Project object */;
			proxyType = 1;
			remoteGlobalIDString = 5E37C07D260435D100334549;
			remoteInfo = SimpleNoteTaking;
		};
/* End PBXContainerItemProxy section */

/* Begin PBXFileReference section */
		5E37C07E260435D100334549 /* SimpleNoteTaking.app */ = {isa = PBXFileReference; explicitFileType = wrapper.application; includeInIndex = 0; path = SimpleNoteTaking.app; sourceTree = BUILT_PRODUCTS_DIR; };
		5E37C081260435D100334549 /* SimpleNoteTakingApp.swift */ = {isa = PBXFileReference; lastKnownFileType = sourcecode.swift; path = SimpleNoteTakingApp.swift; sourceTree = "<group>"; };
		5E37C083260435D100334549 /* ContentView.swift */ = {isa = PBXFileReference; lastKnownFileType = sourcecode.swift; path = ContentView.swift; sourceTree = "<group>"; };
		5E37C085260435D200334549 /* Assets.xcassets */ = {isa = PBXFileReference; lastKnownFileType = folder.assetcatalog; path = Assets.xcassets; sourceTree = "<group>"; };
		5E37C088260435D200334549 /* Preview Assets.xcassets */ = {isa = PBXFileReference; lastKnownFileType = folder.assetcatalog; path = "Preview Assets.xcassets"; sourceTree = "<group>"; };
		5E37C08A260435D200334549 /* Persistence.swift */ = {isa = PBXFileReference; lastKnownFileType = sourcecode.swift; path = Persistence.swift; sourceTree = "<group>"; };
		5E37C08D260435D200334549 /* SimpleNoteTaking.xcdatamodel */ = {isa = PBXFileReference; lastKnownFileType = wrapper.xcdatamodel; path = SimpleNoteTaking.xcdatamodel; sourceTree = "<group>"; };
		5E37C08F260435D200334549 /* Info.plist */ = {isa = PBXFileReference; lastKnownFileType = text.plist.xml; path = Info.plist; sourceTree = "<group>"; };
		5E37C094260435D200334549 /* SimpleNoteTakingTests.xctest */ = {isa = PBXFileReference; explicitFileType = wrapper.cfbundle; includeInIndex = 0; path = SimpleNoteTakingTests.xctest; sourceTree = BUILT_PRODUCTS_DIR; };
		5E37C098260435D200334549 /* SimpleNoteTakingTests.swift */ = {isa = PBXFileReference; lastKnownFileType = sourcecode.swift; path = SimpleNoteTakingTests.swift; sourceTree = "<group>"; };
		5E37C09A260435D200334549 /* Info.plist */ = {isa = PBXFileReference; lastKnownFileType = text.plist.xml; path = Info.plist; sourceTree = "<group>"; };
		5E37C09F260435D200334549 /* SimpleNoteTakingUITests.xctest */ = {isa = PBXFileReference; explicitFileType = wrapper.cfbundle; includeInIndex = 0; path = SimpleNoteTakingUITests.xctest; sourceTree = BUILT_PRODUCTS_DIR; };
		5E37C0A3260435D200334549 /* SimpleNoteTakingUITests.swift */ = {isa = PBXFileReference; lastKnownFileType = sourcecode.swift; path = SimpleNoteTakingUITests.swift; sourceTree = "<group>"; };
		5E37C0A5260435D200334549 /* Info.plist */ = {isa = PBXFileReference; lastKnownFileType = text.plist.xml; path = Info.plist; sourceTree = "<group>"; };
		5E37C0B42604398800334549 /* Note+CoreDataClass.swift */ = {isa = PBXFileReference; lastKnownFileType = sourcecode.swift; path = "Note+CoreDataClass.swift"; sourceTree = "<group>"; };
		5E37C0B52604398800334549 /* Note+CoreDataProperties.swift */ = {isa = PBXFileReference; lastKnownFileType = sourcecode.swift; path = "Note+CoreDataProperties.swift"; sourceTree = "<group>"; };
		5E37C0BB26043C5400334549 /* AddNoteView.swift */ = {isa = PBXFileReference; lastKnownFileType = sourcecode.swift; path = AddNoteView.swift; sourceTree = "<group>"; };
/* End PBXFileReference section */

/* Begin PBXFrameworksBuildPhase section */
		5E37C07B260435D100334549 /* Frameworks */ = {
			isa = PBXFrameworksBuildPhase;
			buildActionMask = 2147483647;
			files = (
			);
			runOnlyForDeploymentPostprocessing = 0;
		};
		5E37C091260435D200334549 /* Frameworks */ = {
			isa = PBXFrameworksBuildPhase;
			buildActionMask = 2147483647;
			files = (
			);
			runOnlyForDeploymentPostprocessing = 0;
		};
		5E37C09C260435D200334549 /* Frameworks */ = {
			isa = PBXFrameworksBuildPhase;
			buildActionMask = 2147483647;
			files = (
			);
			runOnlyForDeploymentPostprocessing = 0;
		};
/* End PBXFrameworksBuildPhase section */

/* Begin PBXGroup section */
		5E37C075260435D100334549 = {
			isa = PBXGroup;
			children = (
				5E37C080260435D100334549 /* SimpleNoteTaking */,
				5E37C097260435D200334549 /* SimpleNoteTakingTests */,
				5E37C0A2260435D200334549 /* SimpleNoteTakingUITests */,
				5E37C07F260435D100334549 /* Products */,
			);
			sourceTree = "<group>";
		};
		5E37C07F260435D100334549 /* Products */ = {
			isa = PBXGroup;
			children = (
				5E37C07E260435D100334549 /* SimpleNoteTaking.app */,
				5E37C094260435D200334549 /* SimpleNoteTakingTests.xctest */,
				5E37C09F260435D200334549 /* SimpleNoteTakingUITests.xctest */,
			);
			name = Products;
			sourceTree = "<group>";
		};
		5E37C080260435D100334549 /* SimpleNoteTaking */ = {
			isa = PBXGroup;
			children = (
				5E37C0B42604398800334549 /* Note+CoreDataClass.swift */,
				5E37C0B52604398800334549 /* Note+CoreDataProperties.swift */,
				5E37C081260435D100334549 /* SimpleNoteTakingApp.swift */,
				5E37C083260435D100334549 /* ContentView.swift */,
				5E37C0BB26043C5400334549 /* AddNoteView.swift */,
				5E37C085260435D200334549 /* Assets.xcassets */,
				5E37C08A260435D200334549 /* Persistence.swift */,
				5E37C08F260435D200334549 /* Info.plist */,
				5E37C08C260435D200334549 /* SimpleNoteTaking.xcdatamodeld */,
				5E37C087260435D200334549 /* Preview Content */,
			);
			path = SimpleNoteTaking;
			sourceTree = "<group>";
		};
		5E37C087260435D200334549 /* Preview Content */ = {
			isa = PBXGroup;
			children = (
				5E37C088260435D200334549 /* Preview Assets.xcassets */,
			);
			path = "Preview Content";
			sourceTree = "<group>";
		};
		5E37C097260435D200334549 /* SimpleNoteTakingTests */ = {
			isa = PBXGroup;
			children = (
				5E37C098260435D200334549 /* SimpleNoteTakingTests.swift */,
				5E37C09A260435D200334549 /* Info.plist */,
			);
			path = SimpleNoteTakingTests;
			sourceTree = "<group>";
		};
		5E37C0A2260435D200334549 /* SimpleNoteTakingUITests */ = {
			isa = PBXGroup;
			children = (
				5E37C0A3260435D200334549 /* SimpleNoteTakingUITests.swift */,
				5E37C0A5260435D200334549 /* Info.plist */,
			);
			path = SimpleNoteTakingUITests;
			sourceTree = "<group>";
		};
/* End PBXGroup section */

/* Begin PBXNativeTarget section */
		5E37C07D260435D100334549 /* SimpleNoteTaking */ = {
			isa = PBXNativeTarget;
			buildConfigurationList = 5E37C0A8260435D200334549 /* Build configuration list for PBXNativeTarget "SimpleNoteTaking" */;
			buildPhases = (
				5E37C07A260435D100334549 /* Sources */,
				5E37C07B260435D100334549 /* Frameworks */,
				5E37C07C260435D100334549 /* Resources */,
			);
			buildRules = (
			);
			dependencies = (
			);
			name = SimpleNoteTaking;
			productName = SimpleNoteTaking;
			productReference = 5E37C07E260435D100334549 /* SimpleNoteTaking.app */;
			productType = "com.apple.product-type.application";
		};
		5E37C093260435D200334549 /* SimpleNoteTakingTests */ = {
			isa = PBXNativeTarget;
			buildConfigurationList = 5E37C0AB260435D200334549 /* Build configuration list for PBXNativeTarget "SimpleNoteTakingTests" */;
			buildPhases = (
				5E37C090260435D200334549 /* Sources */,
				5E37C091260435D200334549 /* Frameworks */,
				5E37C092260435D200334549 /* Resources */,
			);
			buildRules = (
			);
			dependencies = (
				5E37C096260435D200334549 /* PBXTargetDependency */,
			);
			name = SimpleNoteTakingTests;
			productName = SimpleNoteTakingTests;
			productReference = 5E37C094260435D200334549 /* SimpleNoteTakingTests.xctest */;
			productType = "com.apple.product-type.bundle.unit-test";
		};
		5E37C09E260435D200334549 /* SimpleNoteTakingUITests */ = {
			isa = PBXNativeTarget;
			buildConfigurationList = 5E37C0AE260435D200334549 /* Build configuration list for PBXNativeTarget "SimpleNoteTakingUITests" */;
			buildPhases = (
				5E37C09B260435D200334549 /* Sources */,
				5E37C09C260435D200334549 /* Frameworks */,
				5E37C09D260435D200334549 /* Resources */,
			);
			buildRules = (
			);
			dependencies = (
				5E37C0A1260435D200334549 /* PBXTargetDependency */,
			);
			name = SimpleNoteTakingUITests;
			productName = SimpleNoteTakingUITests;
			productReference = 5E37C09F260435D200334549 /* SimpleNoteTakingUITests.xctest */;
			productType = "com.apple.product-type.bundle.ui-testing";
		};
/* End PBXNativeTarget section */

/* Begin PBXProject section */
		5E37C076260435D100334549 /* Project object */ = {
			isa = PBXProject;
			attributes = {
				LastSwiftUpdateCheck = 1240;
				LastUpgradeCheck = 1240;
				TargetAttributes = {
					5E37C07D260435D100334549 = {
						CreatedOnToolsVersion = 12.4;
					};
					5E37C093260435D200334549 = {
						CreatedOnToolsVersion = 12.4;
						TestTargetID = 5E37C07D260435D100334549;
					};
					5E37C09E260435D200334549 = {
						CreatedOnToolsVersion = 12.4;
						TestTargetID = 5E37C07D260435D100334549;
					};
				};
			};
			buildConfigurationList = 5E37C079260435D100334549 /* Build configuration list for PBXProject "SimpleNoteTaking" */;
			compatibilityVersion = "Xcode 9.3";
			developmentRegion = en;
			hasScannedForEncodings = 0;
			knownRegions = (
				en,
				Base,
			);
			mainGroup = 5E37C075260435D100334549;
			productRefGroup = 5E37C07F260435D100334549 /* Products */;
			projectDirPath = "";
			projectRoot = "";
			targets = (
				5E37C07D260435D100334549 /* SimpleNoteTaking */,
				5E37C093260435D200334549 /* SimpleNoteTakingTests */,
				5E37C09E260435D200334549 /* SimpleNoteTakingUITests */,
			);
		};
/* End PBXProject section */

/* Begin PBXResourcesBuildPhase section */
		5E37C07C260435D100334549 /* Resources */ = {
			isa = PBXResourcesBuildPhase;
			buildActionMask = 2147483647;
			files = (
				5E37C089260435D200334549 /* Preview Assets.xcassets in Resources */,
				5E37C086260435D200334549 /* Assets.xcassets in Resources */,
			);
			runOnlyForDeploymentPostprocessing = 0;
		};
		5E37C092260435D200334549 /* Resources */ = {
			isa = PBXResourcesBuildPhase;
			buildActionMask = 2147483647;
			files = (
			);
			runOnlyForDeploymentPostprocessing = 0;
		};
		5E37C09D260435D200334549 /* Resources */ = {
			isa = PBXResourcesBuildPhase;
			buildActionMask = 2147483647;
			files = (
			);
			runOnlyForDeploymentPostprocessing = 0;
		};
/* End PBXResourcesBuildPhase section */

/* Begin PBXSourcesBuildPhase section */
		5E37C07A260435D100334549 /* Sources */ = {
			isa = PBXSourcesBuildPhase;
			buildActionMask = 2147483647;
			files = (
				5E37C08B260435D200334549 /* Persistence.swift in Sources */,
				5E37C084260435D100334549 /* ContentView.swift in Sources */,
				5E37C0B62604398800334549 /* Note+CoreDataClass.swift in Sources */,
				5E37C082260435D100334549 /* SimpleNoteTakingApp.swift in Sources */,
				5E37C08E260435D200334549 /* SimpleNoteTaking.xcdatamodeld in Sources */,
				5E37C0BC26043C5400334549 /* AddNoteView.swift in Sources */,
				5E37C0B72604398800334549 /* Note+CoreDataProperties.swift in Sources */,
			);
			runOnlyForDeploymentPostprocessing = 0;
		};
		5E37C090260435D200334549 /* Sources */ = {
			isa = PBXSourcesBuildPhase;
			buildActionMask = 2147483647;
			files = (
				5E37C099260435D200334549 /* SimpleNoteTakingTests.swift in Sources */,
			);
			runOnlyForDeploymentPostprocessing = 0;
		};
		5E37C09B260435D200334549 /* Sources */ = {
			isa = PBXSourcesBuildPhase;
			buildActionMask = 2147483647;
			files = (
				5E37C0A4260435D200334549 /* SimpleNoteTakingUITests.swift in Sources */,
			);
			runOnlyForDeploymentPostprocessing = 0;
		};
/* End PBXSourcesBuildPhase section */

/* Begin PBXTargetDependency section */
		5E37C096260435D200334549 /* PBXTargetDependency */ = {
			isa = PBXTargetDependency;
			target = 5E37C07D260435D100334549 /* SimpleNoteTaking */;
			targetProxy = 5E37C095260435D200334549 /* PBXContainerItemProxy */;
		};
		5E37C0A1260435D200334549 /* PBXTargetDependency */ = {
			isa = PBXTargetDependency;
			target = 5E37C07D260435D100334549 /* SimpleNoteTaking */;
			targetProxy = 5E37C0A0260435D200334549 /* PBXContainerItemProxy */;
		};
/* End PBXTargetDependency section */

/* Begin XCBuildConfiguration section */
		5E37C0A6260435D200334549 /* Debug */ = {
			isa = XCBuildConfiguration;
			buildSettings = {
				ALWAYS_SEARCH_USER_PATHS = NO;
				CLANG_ANALYZER_NONNULL = YES;
				CLANG_ANALYZER_NUMBER_OBJECT_CONVERSION = YES_AGGRESSIVE;
				CLANG_CXX_LANGUAGE_STANDARD = "gnu++14";
				CLANG_CXX_LIBRARY = "libc++";
				CLANG_ENABLE_MODULES = YES;
				CLANG_ENABLE_OBJC_ARC = YES;
				CLANG_ENABLE_OBJC_WEAK = YES;
				CLANG_WARN_BLOCK_CAPTURE_AUTORELEASING = YES;
				CLANG_WARN_BOOL_CONVERSION = YES;
				CLANG_WARN_COMMA = YES;
				CLANG_WARN_CONSTANT_CONVERSION = YES;
				CLANG_WARN_DEPRECATED_OBJC_IMPLEMENTATIONS = YES;
				CLANG_WARN_DIRECT_OBJC_ISA_USAGE = YES_ERROR;
				CLANG_WARN_DOCUMENTATION_COMMENTS = YES;
				CLANG_WARN_EMPTY_BODY = YES;
				CLANG_WARN_ENUM_CONVERSION = YES;
				CLANG_WARN_INFINITE_RECURSION = YES;
				CLANG_WARN_INT_CONVERSION = YES;
				CLANG_WARN_NON_LITERAL_NULL_CONVERSION = YES;
				CLANG_WARN_OBJC_IMPLICIT_RETAIN_SELF = YES;
				CLANG_WARN_OBJC_LITERAL_CONVERSION = YES;
				CLANG_WARN_OBJC_ROOT_CLASS = YES_ERROR;
				CLANG_WARN_QUOTED_INCLUDE_IN_FRAMEWORK_HEADER = YES;
				CLANG_WARN_RANGE_LOOP_ANALYSIS = YES;
				CLANG_WARN_STRICT_PROTOTYPES = YES;
				CLANG_WARN_SUSPICIOUS_MOVE = YES;
				CLANG_WARN_UNGUARDED_AVAILABILITY = YES_AGGRESSIVE;
				CLANG_WARN_UNREACHABLE_CODE = YES;
				CLANG_WARN__DUPLICATE_METHOD_MATCH = YES;
				COPY_PHASE_STRIP = NO;
				DEBUG_INFORMATION_FORMAT = dwarf;
				ENABLE_STRICT_OBJC_MSGSEND = YES;
				ENABLE_TESTABILITY = YES;
				GCC_C_LANGUAGE_STANDARD = gnu11;
				GCC_DYNAMIC_NO_PIC = NO;
				GCC_NO_COMMON_BLOCKS = YES;
				GCC_OPTIMIZATION_LEVEL = 0;
				GCC_PREPROCESSOR_DEFINITIONS = (
					"DEBUG=1",
					"$(inherited)",
				);
				GCC_WARN_64_TO_32_BIT_CONVERSION = YES;
				GCC_WARN_ABOUT_RETURN_TYPE = YES_ERROR;
				GCC_WARN_UNDECLARED_SELECTOR = YES;
				GCC_WARN_UNINITIALIZED_AUTOS = YES_AGGRESSIVE;
				GCC_WARN_UNUSED_FUNCTION = YES;
				GCC_WARN_UNUSED_VARIABLE = YES;
				IPHONEOS_DEPLOYMENT_TARGET = 14.4;
				MTL_ENABLE_DEBUG_INFO = INCLUDE_SOURCE;
				MTL_FAST_MATH = YES;
				ONLY_ACTIVE_ARCH = YES;
				SDKROOT = iphoneos;
				SWIFT_ACTIVE_COMPILATION_CONDITIONS = DEBUG;
				SWIFT_OPTIMIZATION_LEVEL = "-Onone";
			};
			name = Debug;
		};
		5E37C0A7260435D200334549 /* Release */ = {
			isa = XCBuildConfiguration;
			buildSettings = {
				ALWAYS_SEARCH_USER_PATHS = NO;
				CLANG_ANALYZER_NONNULL = YES;
				CLANG_ANALYZER_NUMBER_OBJECT_CONVERSION = YES_AGGRESSIVE;
				CLANG_CXX_LANGUAGE_STANDARD = "gnu++14";
				CLANG_CXX_LIBRARY = "libc++";
				CLANG_ENABLE_MODULES = YES;
				CLANG_ENABLE_OBJC_ARC = YES;
				CLANG_ENABLE_OBJC_WEAK = YES;
				CLANG_WARN_BLOCK_CAPTURE_AUTORELEASING = YES;
				CLANG_WARN_BOOL_CONVERSION = YES;
				CLANG_WARN_COMMA = YES;
				CLANG_WARN_CONSTANT_CONVERSION = YES;
				CLANG_WARN_DEPRECATED_OBJC_IMPLEMENTATIONS = YES;
				CLANG_WARN_DIRECT_OBJC_ISA_USAGE = YES_ERROR;
				CLANG_WARN_DOCUMENTATION_COMMENTS = YES;
				CLANG_WARN_EMPTY_BODY = YES;
				CLANG_WARN_ENUM_CONVERSION = YES;
				CLANG_WARN_INFINITE_RECURSION = YES;
				CLANG_WARN_INT_CONVERSION = YES;
				CLANG_WARN_NON_LITERAL_NULL_CONVERSION = YES;
				CLANG_WARN_OBJC_IMPLICIT_RETAIN_SELF = YES;
				CLANG_WARN_OBJC_LITERAL_CONVERSION = YES;
				CLANG_WARN_OBJC_ROOT_CLASS = YES_ERROR;
				CLANG_WARN_QUOTED_INCLUDE_IN_FRAMEWORK_HEADER = YES;
				CLANG_WARN_RANGE_LOOP_ANALYSIS = YES;
				CLANG_WARN_STRICT_PROTOTYPES = YES;
				CLANG_WARN_SUSPICIOUS_MOVE = YES;
				CLANG_WARN_UNGUARDED_AVAILABILITY = YES_AGGRESSIVE;
				CLANG_WARN_UNREACHABLE_CODE = YES;
				CLANG_WARN__DUPLICATE_METHOD_MATCH = YES;
				COPY_PHASE_STRIP = NO;
				DEBUG_INFORMATION_FORMAT = "dwarf-with-dsym";
				ENABLE_NS_ASSERTIONS = NO;
				ENABLE_STRICT_OBJC_MSGSEND = YES;
				GCC_C_LANGUAGE_STANDARD = gnu11;
				GCC_NO_COMMON_BLOCKS = YES;
				GCC_WARN_64_TO_32_BIT_CONVERSION = YES;
				GCC_WARN_ABOUT_RETURN_TYPE = YES_ERROR;
				GCC_WARN_UNDECLARED_SELECTOR = YES;
				GCC_WARN_UNINITIALIZED_AUTOS = YES_AGGRESSIVE;
				GCC_WARN_UNUSED_FUNCTION = YES;
				GCC_WARN_UNUSED_VARIABLE = YES;
				IPHONEOS_DEPLOYMENT_TARGET = 14.4;
				MTL_ENABLE_DEBUG_INFO = NO;
				MTL_FAST_MATH = YES;
				SDKROOT = iphoneos;
				SWIFT_COMPILATION_MODE = wholemodule;
				SWIFT_OPTIMIZATION_LEVEL = "-O";
				VALIDATE_PRODUCT = YES;
			};
			name = Release;
		};
		5E37C0A9260435D200334549 /* Debug */ = {
			isa = XCBuildConfiguration;
			buildSettings = {
				ASSETCATALOG_COMPILER_APPICON_NAME = AppIcon;
				ASSETCATALOG_COMPILER_GLOBAL_ACCENT_COLOR_NAME = AccentColor;
				CODE_SIGN_STYLE = Automatic;
				DEVELOPMENT_ASSET_PATHS = "\"SimpleNoteTaking/Preview Content\"";
				ENABLE_PREVIEWS = YES;
				INFOPLIST_FILE = SimpleNoteTaking/Info.plist;
				IPHONEOS_DEPLOYMENT_TARGET = 14.0;
				LD_RUNPATH_SEARCH_PATHS = (
					"$(inherited)",
					"@executable_path/Frameworks",
				);
				PRODUCT_BUNDLE_IDENTIFIER = com.henry.SimpleNoteTaking;
				PRODUCT_NAME = "$(TARGET_NAME)";
				SWIFT_VERSION = 5.0;
				TARGETED_DEVICE_FAMILY = "1,2";
			};
			name = Debug;
		};
		5E37C0AA260435D200334549 /* Release */ = {
			isa = XCBuildConfiguration;
			buildSettings = {
				ASSETCATALOG_COMPILER_APPICON_NAME = AppIcon;
				ASSETCATALOG_COMPILER_GLOBAL_ACCENT_COLOR_NAME = AccentColor;
				CODE_SIGN_STYLE = Automatic;
				DEVELOPMENT_ASSET_PATHS = "\"SimpleNoteTaking/Preview Content\"";
				ENABLE_PREVIEWS = YES;
				INFOPLIST_FILE = SimpleNoteTaking/Info.plist;
				IPHONEOS_DEPLOYMENT_TARGET = 14.0;
				LD_RUNPATH_SEARCH_PATHS = (
					"$(inherited)",
					"@executable_path/Frameworks",
				);
				PRODUCT_BUNDLE_IDENTIFIER = com.henry.SimpleNoteTaking;
				PRODUCT_NAME = "$(TARGET_NAME)";
				SWIFT_VERSION = 5.0;
				TARGETED_DEVICE_FAMILY = "1,2";
			};
			name = Release;
		};
		5E37C0AC260435D200334549 /* Debug */ = {
			isa = XCBuildConfiguration;
			buildSettings = {
				ALWAYS_EMBED_SWIFT_STANDARD_LIBRARIES = YES;
				BUNDLE_LOADER = "$(TEST_HOST)";
				CODE_SIGN_STYLE = Automatic;
				INFOPLIST_FILE = SimpleNoteTakingTests/Info.plist;
				IPHONEOS_DEPLOYMENT_TARGET = 14.0;
				LD_RUNPATH_SEARCH_PATHS = (
					"$(inherited)",
					"@executable_path/Frameworks",
					"@loader_path/Frameworks",
				);
				PRODUCT_BUNDLE_IDENTIFIER = com.henry.SimpleNoteTakingTests;
				PRODUCT_NAME = "$(TARGET_NAME)";
				SWIFT_VERSION = 5.0;
				TARGETED_DEVICE_FAMILY = "1,2";
				TEST_HOST = "$(BUILT_PRODUCTS_DIR)/SimpleNoteTaking.app/SimpleNoteTaking";
			};
			name = Debug;
		};
		5E37C0AD260435D200334549 /* Release */ = {
			isa = XCBuildConfiguration;
			buildSettings = {
				ALWAYS_EMBED_SWIFT_STANDARD_LIBRARIES = YES;
				BUNDLE_LOADER = "$(TEST_HOST)";
				CODE_SIGN_STYLE = Automatic;
				INFOPLIST_FILE = SimpleNoteTakingTests/Info.plist;
				IPHONEOS_DEPLOYMENT_TARGET = 14.0;
				LD_RUNPATH_SEARCH_PATHS = (
					"$(inherited)",
					"@executable_path/Frameworks",
					"@loader_path/Frameworks",
				);
				PRODUCT_BUNDLE_IDENTIFIER = com.henry.SimpleNoteTakingTests;
				PRODUCT_NAME = "$(TARGET_NAME)";
				SWIFT_VERSION = 5.0;
				TARGETED_DEVICE_FAMILY = "1,2";
				TEST_HOST = "$(BUILT_PRODUCTS_DIR)/SimpleNoteTaking.app/SimpleNoteTaking";
			};
			name = Release;
		};
		5E37C0AF260435D200334549 /* Debug */ = {
			isa = XCBuildConfiguration;
			buildSettings = {
				ALWAYS_EMBED_SWIFT_STANDARD_LIBRARIES = YES;
				CODE_SIGN_STYLE = Automatic;
				INFOPLIST_FILE = SimpleNoteTakingUITests/Info.plist;
				LD_RUNPATH_SEARCH_PATHS = (
					"$(inherited)",
					"@executable_path/Frameworks",
					"@loader_path/Frameworks",
				);
				PRODUCT_BUNDLE_IDENTIFIER = com.henry.SimpleNoteTakingUITests;
				PRODUCT_NAME = "$(TARGET_NAME)";
				SWIFT_VERSION = 5.0;
				TARGETED_DEVICE_FAMILY = "1,2";
				TEST_TARGET_NAME = SimpleNoteTaking;
			};
			name = Debug;
		};
		5E37C0B0260435D200334549 /* Release */ = {
			isa = XCBuildConfiguration;
			buildSettings = {
				ALWAYS_EMBED_SWIFT_STANDARD_LIBRARIES = YES;
				CODE_SIGN_STYLE = Automatic;
				INFOPLIST_FILE = SimpleNoteTakingUITests/Info.plist;
				LD_RUNPATH_SEARCH_PATHS = (
					"$(inherited)",
					"@executable_path/Frameworks",
					"@loader_path/Frameworks",
				);
				PRODUCT_BUNDLE_IDENTIFIER = com.henry.SimpleNoteTakingUITests;
				PRODUCT_NAME = "$(TARGET_NAME)";
				SWIFT_VERSION = 5.0;
				TARGETED_DEVICE_FAMILY = "1,2";
				TEST_TARGET_NAME = SimpleNoteTaking;
			};
			name = Release;
		};
/* End XCBuildConfiguration section */

/* Begin XCConfigurationList section */
		5E37C079260435D100334549 /* Build configuration list for PBXProject "SimpleNoteTaking" */ = {
			isa = XCConfigurationList;
			buildConfigurations = (
				5E37C0A6260435D200334549 /* Debug */,
				5E37C0A7260435D200334549 /* Release */,
			);
			defaultConfigurationIsVisible = 0;
			defaultConfigurationName = Release;
		};
		5E37C0A8260435D200334549 /* Build configuration list for PBXNativeTarget "SimpleNoteTaking" */ = {
			isa = XCConfigurationList;
			buildConfigurations = (
				5E37C0A9260435D200334549 /* Debug */,
				5E37C0AA260435D200334549 /* Release */,
			);
			defaultConfigurationIsVisible = 0;
			defaultConfigurationName = Release;
		};
		5E37C0AB260435D200334549 /* Build configuration list for PBXNativeTarget "SimpleNoteTakingTests" */ = {
			isa = XCConfigurationList;
			buildConfigurations = (
				5E37C0AC260435D200334549 /* Debug */,
				5E37C0AD260435D200334549 /* Release */,
			);
			defaultConfigurationIsVisible = 0;
			defaultConfigurationName = Release;
		};
		5E37C0AE260435D200334549 /* Build configuration list for PBXNativeTarget "SimpleNoteTakingUITests" */ = {
			isa = XCConfigurationList;
			buildConfigurations = (
				5E37C0AF260435D200334549 /* Debug */,
				5E37C0B0260435D200334549 /* Release */,
			);
			defaultConfigurationIsVisible = 0;
			defaultConfigurationName = Release;
		};
/* End XCConfigurationList section */

/* Begin XCVersionGroup section */
		5E37C08C260435D200334549 /* SimpleNoteTaking.xcdatamodeld */ = {
			isa = XCVersionGroup;
			children = (
				5E37C08D260435D200334549 /* SimpleNoteTaking.xcdatamodel */,
			);
			currentVersion = 5E37C08D260435D200334549 /* SimpleNoteTaking.xcdatamodel */;
			path = SimpleNoteTaking.xcdatamodeld;
			sourceTree = "<group>";
			versionGroupType = wrapper.xcdatamodel;
		};
/* End XCVersionGroup section */
	};
	rootObject = 5E37C076260435D100334549 /* Project object */;
}
